
Microsoft Visual Studio Solution File, Format Version 12.00
# Visual Studio Version 16
VisualStudioVersion = 25.0.1704.2
MinimumVisualStudioVersion = 10.0.40219.1
Project("{FAE04EC0-301F-11D3-BF4B-00C04F79EFBC}") = "Jca.Sigmuni.WebApi", "Jca.Sigmuni.WebApi\Jca.Sigmuni.WebApi.csproj", "{B53EA99A-943A-46DD-B248-8B179552DE4B}"
EndProject
Project("{FAE04EC0-301F-11D3-BF4B-00C04F79EFBC}") = "Jca.Sigmuni.Domain", "Jca.Sigmuni.Domain\Jca.Sigmuni.Domain.csproj", "{300A6888-0FD3-46D7-A587-DC6407689379}"
EndProject
Project("{FAE04EC0-301F-11D3-BF4B-00C04F79EFBC}") = "Jca.Sigmuni.Infraestructure", "Jca.Sigmuni.Infraestructure\Jca.Sigmuni.Infraestructure.csproj", "{D568EC0D-17D2-45E8-9AFF-561280F67D37}"
EndProject
Project("{FAE04EC0-301F-11D3-BF4B-00C04F79EFBC}") = "Jca.Sigmuni.Application", "Jca.Sigmuni.Application\Jca.Sigmuni.Application.csproj", "{9B784938-22E2-473C-B6FB-18FC7DD3B04C}"
EndProject
Project("{FAE04EC0-301F-11D3-BF4B-00C04F79EFBC}") = "Jca.Sigmuni.Core", "Jca.Sigmuni.Core\Jca.Sigmuni.Core.csproj", "{712EE593-9B9D-4F5E-AC95-9E2AC4588CB2}"
EndProject
Project("{FAE04EC0-301F-11D3-BF4B-00C04F79EFBC}") = "Jca.Sigmuni.Util", "Jca.Sigmuni.Util\Jca.Sigmuni.Util.csproj", "{A2C012EC-5F3E-438F-B467-6736E755AA23}"
EndProject
Global
	GlobalSection(SolutionConfigurationPlatforms) = preSolution
		Debug|Any CPU = Debug|Any CPU
		Release|Any CPU = Release|Any CPU
	EndGlobalSection
	GlobalSection(ProjectConfigurationPlatforms) = postSolution
		{B53EA99A-943A-46DD-B248-8B179552DE4B}.Debug|Any CPU.ActiveCfg = Debug|Any CPU
		{B53EA99A-943A-46DD-B248-8B179552DE4B}.Debug|Any CPU.Build.0 = Debug|Any CPU
		{B53EA99A-943A-46DD-B248-8B179552DE4B}.Release|Any CPU.ActiveCfg = Release|Any CPU
		{B53EA99A-943A-46DD-B248-8B179552DE4B}.Release|Any CPU.Build.0 = Release|Any CPU
		{300A6888-0FD3-46D7-A587-DC6407689379}.Debug|Any CPU.ActiveCfg = Debug|Any CPU
		{300A6888-0FD3-46D7-A587-DC6407689379}.Debug|Any CPU.Build.0 = Debug|Any CPU
		{300A6888-0FD3-46D7-A587-DC6407689379}.Release|Any CPU.ActiveCfg = Release|Any CPU
		{300A6888-0FD3-46D7-A587-DC6407689379}.Release|Any CPU.Build.0 = Release|Any CPU
		{D568EC0D-17D2-45E8-9AFF-561280F67D37}.Debug|Any CPU.ActiveCfg = Debug|Any CPU
		{D568EC0D-17D2-45E8-9AFF-561280F67D37}.Debug|Any CPU.Build.0 = Debug|Any CPU
		{D568EC0D-17D2-45E8-9AFF-561280F67D37}.Release|Any CPU.ActiveCfg = Release|Any CPU
		{D568EC0D-17D2-45E8-9AFF-561280F67D37}.Release|Any CPU.Build.0 = Release|Any CPU
		{9B784938-22E2-473C-B6FB-18FC7DD3B04C}.Debug|Any CPU.ActiveCfg = Debug|Any CPU
		{9B784938-22E2-473C-B6FB-18FC7DD3B04C}.Debug|Any CPU.Build.0 = Debug|Any CPU
		{9B784938-22E2-473C-B6FB-18FC7DD3B04C}.Release|Any CPU.ActiveCfg = Release|Any CPU
		{9B784938-22E2-473C-B6FB-18FC7DD3B04C}.Release|Any CPU.Build.0 = Release|Any CPU
		{712EE593-9B9D-4F5E-AC95-9E2AC4588CB2}.Debug|Any CPU.ActiveCfg = Debug|Any CPU
		{712EE593-9B9D-4F5E-AC95-9E2AC4588CB2}.Debug|Any CPU.Build.0 = Debug|Any CPU
		{712EE593-9B9D-4F5E-AC95-9E2AC4588CB2}.Release|Any CPU.ActiveCfg = Release|Any CPU
		{712EE593-9B9D-4F5E-AC95-9E2AC4588CB2}.Release|Any CPU.Build.0 = Release|Any CPU
		{A2C012EC-5F3E-438F-B467-6736E755AA23}.Debug|Any CPU.ActiveCfg = Debug|Any CPU
		{A2C012EC-5F3E-438F-B467-6736E755AA23}.Debug|Any CPU.Build.0 = Debug|Any CPU
		{A2C012EC-5F3E-438F-B467-6736E755AA23}.Release|Any CPU.ActiveCfg = Release|Any CPU
		{A2C012EC-5F3E-438F-B467-6736E755AA23}.Release|Any CPU.Build.0 = Release|Any CPU
	EndGlobalSection
	GlobalSection(SolutionProperties) = preSolution
		HideSolutionNode = FALSE
	EndGlobalSection
	GlobalSection(ExtensibilityGlobals) = postSolution
		SolutionGuid = {E3B9EB4F-04C5-424A-8402-168D0769E1FB}
	EndGlobalSection
EndGlobal
